
Microsoft Visual Studio Solution File, Format Version 12.00
# Visual Studio Version 17
VisualStudioVersion = 17.5.33530.505
MinimumVisualStudioVersion = 10.0.40219.1
Project("{FAE04EC0-301F-11D3-BF4B-00C04F79EFBC}") = "LeapYearsv3", "LeapYearsv3\LeapYearsv3.csproj", "{290F5832-04FB-4751-BD42-9F27CB5A9F0B}"
EndProject
Global
	GlobalSection(SolutionConfigurationPlatforms) = preSolution
		Debug|Any CPU = Debug|Any CPU
		Release|Any CPU = Release|Any CPU
	EndGlobalSection
	GlobalSection(ProjectConfigurationPlatforms) = postSolution
		{290F5832-04FB-4751-BD42-9F27CB5A9F0B}.Debug|Any CPU.ActiveCfg = Debug|Any CPU
		{290F5832-04FB-4751-BD42-9F27CB5A9F0B}.Debug|Any CPU.Build.0 = Debug|Any CPU
		{290F5832-04FB-4751-BD42-9F27CB5A9F0B}.Release|Any CPU.ActiveCfg = Release|Any CPU
		{290F5832-04FB-4751-BD42-9F27CB5A9F0B}.Release|Any CPU.Build.0 = Release|Any CPU
	EndGlobalSection
	GlobalSection(SolutionProperties) = preSolution
		HideSolutionNode = FALSE
	EndGlobalSection
	GlobalSection(ExtensibilityGlobals) = postSolution
		SolutionGuid = {21BDF7BC-DB0E-4C21-95B5-560C6825B422}
	EndGlobalSection
EndGlobal
